
Microsoft Visual Studio Solution File, Format Version 12.00
# Visual Studio Version 17
VisualStudioVersion = 17.1.32228.430
MinimumVisualStudioVersion = 10.0.40219.1
Project("{9A19103F-16F7-4668-BE54-9A1E7A4F7556}") = "BootcampAres.API", "BootcampAres.API\BootcampAres.API.csproj", "{D6774E0E-6952-4BF7-B911-0784F5C9A63A}"
EndProject
Project("{2150E333-8FDC-42A3-9474-1A3956D46DE8}") = "1 - Distributed Services", "1 - Distributed Services", "{513D0D91-059D-4FD5-8D4B-E5A08D76991E}"
EndProject
Project("{2150E333-8FDC-42A3-9474-1A3956D46DE8}") = "4 - DataAccess", "4 - DataAccess", "{0552D2F5-7A54-4318-A0C5-07D283A3A97B}"
EndProject
Project("{9A19103F-16F7-4668-BE54-9A1E7A4F7556}") = "BootcampAres.DataAccess", "BootcampAres.DataAccess\BootcampAres.DataAccess.csproj", "{EF66951C-0E00-48CC-8B41-0F59C001CE97}"
EndProject
Project("{2150E333-8FDC-42A3-9474-1A3956D46DE8}") = "2 - Application", "2 - Application", "{63D4D627-5995-445E-9DD8-986FC1DE5CB7}"
EndProject
Project("{2150E333-8FDC-42A3-9474-1A3956D46DE8}") = "3 - Business", "3 - Business", "{59E575B7-2218-49E7-B3E6-F2388906F233}"
EndProject
Project("{9A19103F-16F7-4668-BE54-9A1E7A4F7556}") = "BootcampAres.Application", "BootcampAres.Application\BootcampAres.Application.csproj", "{06ED9744-9FB5-4B3A-A3DD-2C6FA3D05F24}"
EndProject
Project("{9A19103F-16F7-4668-BE54-9A1E7A4F7556}") = "BootcampAres.Application.Contracts", "BootcampAres.Application.Contracts\BootcampAres.Application.Contracts.csproj", "{24B2A128-B3C2-415B-838C-7764E29D6EE9}"
EndProject
Project("{9A19103F-16F7-4668-BE54-9A1E7A4F7556}") = "BootcampAres.BusinessModels", "BootcampAres.BusinessModels\BootcampAres.BusinessModels.csproj", "{13803792-FE4B-4751-8C44-68A09BD7A399}"
EndProject
Project("{9A19103F-16F7-4668-BE54-9A1E7A4F7556}") = "BootcampAres.DataAccess.Contracts", "BootcampAres.DataAccess.Contracts\BootcampAres.DataAccess.Contracts.csproj", "{56665708-F1B7-45E7-A1AE-A2DA5F6E06DF}"
EndProject
Project("{2150E333-8FDC-42A3-9474-1A3956D46DE8}") = "5 - Cross Cutting", "5 - Cross Cutting", "{B556BEF5-2BC5-4C2E-90CD-6EADF3BE2C80}"
EndProject
Project("{FAE04EC0-301F-11D3-BF4B-00C04F79EFBC}") = "BootcampAres.CrossCutting", "BootcampAres.CrossCutting\BootcampAres.CrossCutting.csproj", "{FA01CFFB-21D1-4225-B312-92015C90E246}"
EndProject
Global
	GlobalSection(SolutionConfigurationPlatforms) = preSolution
		Debug|Any CPU = Debug|Any CPU
		Release|Any CPU = Release|Any CPU
	EndGlobalSection
	GlobalSection(ProjectConfigurationPlatforms) = postSolution
		{D6774E0E-6952-4BF7-B911-0784F5C9A63A}.Debug|Any CPU.ActiveCfg = Debug|Any CPU
		{D6774E0E-6952-4BF7-B911-0784F5C9A63A}.Debug|Any CPU.Build.0 = Debug|Any CPU
		{D6774E0E-6952-4BF7-B911-0784F5C9A63A}.Release|Any CPU.ActiveCfg = Release|Any CPU
		{D6774E0E-6952-4BF7-B911-0784F5C9A63A}.Release|Any CPU.Build.0 = Release|Any CPU
		{EF66951C-0E00-48CC-8B41-0F59C001CE97}.Debug|Any CPU.ActiveCfg = Debug|Any CPU
		{EF66951C-0E00-48CC-8B41-0F59C001CE97}.Debug|Any CPU.Build.0 = Debug|Any CPU
		{EF66951C-0E00-48CC-8B41-0F59C001CE97}.Release|Any CPU.ActiveCfg = Release|Any CPU
		{EF66951C-0E00-48CC-8B41-0F59C001CE97}.Release|Any CPU.Build.0 = Release|Any CPU
		{06ED9744-9FB5-4B3A-A3DD-2C6FA3D05F24}.Debug|Any CPU.ActiveCfg = Debug|Any CPU
		{06ED9744-9FB5-4B3A-A3DD-2C6FA3D05F24}.Debug|Any CPU.Build.0 = Debug|Any CPU
		{06ED9744-9FB5-4B3A-A3DD-2C6FA3D05F24}.Release|Any CPU.ActiveCfg = Release|Any CPU
		{06ED9744-9FB5-4B3A-A3DD-2C6FA3D05F24}.Release|Any CPU.Build.0 = Release|Any CPU
		{24B2A128-B3C2-415B-838C-7764E29D6EE9}.Debug|Any CPU.ActiveCfg = Debug|Any CPU
		{24B2A128-B3C2-415B-838C-7764E29D6EE9}.Debug|Any CPU.Build.0 = Debug|Any CPU
		{24B2A128-B3C2-415B-838C-7764E29D6EE9}.Release|Any CPU.ActiveCfg = Release|Any CPU
		{24B2A128-B3C2-415B-838C-7764E29D6EE9}.Release|Any CPU.Build.0 = Release|Any CPU
		{13803792-FE4B-4751-8C44-68A09BD7A399}.Debug|Any CPU.ActiveCfg = Debug|Any CPU
		{13803792-FE4B-4751-8C44-68A09BD7A399}.Debug|Any CPU.Build.0 = Debug|Any CPU
		{13803792-FE4B-4751-8C44-68A09BD7A399}.Release|Any CPU.ActiveCfg = Release|Any CPU
		{13803792-FE4B-4751-8C44-68A09BD7A399}.Release|Any CPU.Build.0 = Release|Any CPU
		{56665708-F1B7-45E7-A1AE-A2DA5F6E06DF}.Debug|Any CPU.ActiveCfg = Debug|Any CPU
		{56665708-F1B7-45E7-A1AE-A2DA5F6E06DF}.Debug|Any CPU.Build.0 = Debug|Any CPU
		{56665708-F1B7-45E7-A1AE-A2DA5F6E06DF}.Release|Any CPU.ActiveCfg = Release|Any CPU
		{56665708-F1B7-45E7-A1AE-A2DA5F6E06DF}.Release|Any CPU.Build.0 = Release|Any CPU
		{FA01CFFB-21D1-4225-B312-92015C90E246}.Debug|Any CPU.ActiveCfg = Debug|Any CPU
		{FA01CFFB-21D1-4225-B312-92015C90E246}.Debug|Any CPU.Build.0 = Debug|Any CPU
		{FA01CFFB-21D1-4225-B312-92015C90E246}.Release|Any CPU.ActiveCfg = Release|Any CPU
		{FA01CFFB-21D1-4225-B312-92015C90E246}.Release|Any CPU.Build.0 = Release|Any CPU
	EndGlobalSection
	GlobalSection(SolutionProperties) = preSolution
		HideSolutionNode = FALSE
	EndGlobalSection
	GlobalSection(NestedProjects) = preSolution
		{D6774E0E-6952-4BF7-B911-0784F5C9A63A} = {513D0D91-059D-4FD5-8D4B-E5A08D76991E}
		{EF66951C-0E00-48CC-8B41-0F59C001CE97} = {0552D2F5-7A54-4318-A0C5-07D283A3A97B}
		{06ED9744-9FB5-4B3A-A3DD-2C6FA3D05F24} = {63D4D627-5995-445E-9DD8-986FC1DE5CB7}
		{24B2A128-B3C2-415B-838C-7764E29D6EE9} = {63D4D627-5995-445E-9DD8-986FC1DE5CB7}
		{13803792-FE4B-4751-8C44-68A09BD7A399} = {59E575B7-2218-49E7-B3E6-F2388906F233}
		{56665708-F1B7-45E7-A1AE-A2DA5F6E06DF} = {0552D2F5-7A54-4318-A0C5-07D283A3A97B}
		{FA01CFFB-21D1-4225-B312-92015C90E246} = {B556BEF5-2BC5-4C2E-90CD-6EADF3BE2C80}
	EndGlobalSection
	GlobalSection(ExtensibilityGlobals) = postSolution
		SolutionGuid = {DDDC0C22-5B38-4666-BC7A-27182E7CFA4B}
	EndGlobalSection
EndGlobal
